// !$*UTF8*$!
{
	archiveVersion = 1;
	classes = {
	};
	objectVersion = 46;
	objects = {

/* Begin PBXBuildFile section */
		577ADFF11B6C6FE400ED97F0 /* main.m in Sources */ = {isa = PBXBuildFile; fileRef = 577ADFF01B6C6FE400ED97F0 /* main.m */; };
		577ADFF41B6C6FE400ED97F0 /* AppDelegate.m in Sources */ = {isa = PBXBuildFile; fileRef = 577ADFF31B6C6FE400ED97F0 /* AppDelegate.m */; };
		577ADFFA1B6C6FE400ED97F0 /* Main.storyboard in Resources */ = {isa = PBXBuildFile; fileRef = 577ADFF81B6C6FE400ED97F0 /* Main.storyboard */; };
		577ADFFC1B6C6FE400ED97F0 /* Images.xcassets in Resources */ = {isa = PBXBuildFile; fileRef = 577ADFFB1B6C6FE400ED97F0 /* Images.xcassets */; };
		577ADFFF1B6C6FE400ED97F0 /* LaunchScreen.xib in Resources */ = {isa = PBXBuildFile; fileRef = 577ADFFD1B6C6FE400ED97F0 /* LaunchScreen.xib */; };
		577AE00B1B6C6FE400ED97F0 /* ToDoListTests.m in Sources */ = {isa = PBXBuildFile; fileRef = 577AE00A1B6C6FE400ED97F0 /* ToDoListTests.m */; };
		57F79B7C1B6DD9B500E29F49 /* AddToDoItemViewController.m in Sources */ = {isa = PBXBuildFile; fileRef = 57F79B7B1B6DD9B500E29F49 /* AddToDoItemViewController.m */; };
		57F79B7F1B6F155A00E29F49 /* ToDoListTableViewController.m in Sources */ = {isa = PBXBuildFile; fileRef = 57F79B7E1B6F155A00E29F49 /* ToDoListTableViewController.m */; };
		57F79B821B745E8300E29F49 /* ToDoItem.m in Sources */ = {isa = PBXBuildFile; fileRef = 57F79B811B745E8300E29F49 /* ToDoItem.m */; };
/* End PBXBuildFile section */

/* Begin PBXContainerItemProxy section */
		577AE0051B6C6FE400ED97F0 /* PBXContainerItemProxy */ = {
			isa = PBXContainerItemProxy;
			containerPortal = 577ADFE31B6C6FE400ED97F0 /* Project object */;
			proxyType = 1;
			remoteGlobalIDString = 577ADFEA1B6C6FE400ED97F0;
			remoteInfo = ToDoList;
		};
/* End PBXContainerItemProxy section */

/* Begin PBXFileReference section */
		577ADFEB1B6C6FE400ED97F0 /* ToDoList.app */ = {isa = PBXFileReference; explicitFileType = wrapper.application; includeInIndex = 0; path = ToDoList.app; sourceTree = BUILT_PRODUCTS_DIR; };
		577ADFEF1B6C6FE400ED97F0 /* Info.plist */ = {isa = PBXFileReference; lastKnownFileType = text.plist.xml; path = Info.plist; sourceTree = "<group>"; };
		577ADFF01B6C6FE400ED97F0 /* main.m */ = {isa = PBXFileReference; lastKnownFileType = sourcecode.c.objc; path = main.m; sourceTree = "<group>"; };
		577ADFF21B6C6FE400ED97F0 /* AppDelegate.h */ = {isa = PBXFileReference; lastKnownFileType = sourcecode.c.h; path = AppDelegate.h; sourceTree = "<group>"; };
		577ADFF31B6C6FE400ED97F0 /* AppDelegate.m */ = {isa = PBXFileReference; lastKnownFileType = sourcecode.c.objc; path = AppDelegate.m; sourceTree = "<group>"; };
		577ADFF91B6C6FE400ED97F0 /* Base */ = {isa = PBXFileReference; lastKnownFileType = file.storyboard; name = Base; path = Base.lproj/Main.storyboard; sourceTree = "<group>"; };
		577ADFFB1B6C6FE400ED97F0 /* Images.xcassets */ = {isa = PBXFileReference; lastKnownFileType = folder.assetcatalog; path = Images.xcassets; sourceTree = "<group>"; };
		577ADFFE1B6C6FE400ED97F0 /* Base */ = {isa = PBXFileReference; lastKnownFileType = file.xib; name = Base; path = Base.lproj/LaunchScreen.xib; sourceTree = "<group>"; };
		577AE0041B6C6FE400ED97F0 /* ToDoListTests.xctest */ = {isa = PBXFileReference; explicitFileType = wrapper.cfbundle; includeInIndex = 0; path = ToDoListTests.xctest; sourceTree = BUILT_PRODUCTS_DIR; };
		577AE0091B6C6FE400ED97F0 /* Info.plist */ = {isa = PBXFileReference; lastKnownFileType = text.plist.xml; path = Info.plist; sourceTree = "<group>"; };
		577AE00A1B6C6FE400ED97F0 /* ToDoListTests.m */ = {isa = PBXFileReference; lastKnownFileType = sourcecode.c.objc; path = ToDoListTests.m; sourceTree = "<group>"; };
		57F79B7A1B6DD9B500E29F49 /* AddToDoItemViewController.h */ = {isa = PBXFileReference; fileEncoding = 4; lastKnownFileType = sourcecode.c.h; path = AddToDoItemViewController.h; sourceTree = "<group>"; };
		57F79B7B1B6DD9B500E29F49 /* AddToDoItemViewController.m */ = {isa = PBXFileReference; fileEncoding = 4; lastKnownFileType = sourcecode.c.objc; path = AddToDoItemViewController.m; sourceTree = "<group>"; };
		57F79B7D1B6F155A00E29F49 /* ToDoListTableViewController.h */ = {isa = PBXFileReference; fileEncoding = 4; lastKnownFileType = sourcecode.c.h; path = ToDoListTableViewController.h; sourceTree = "<group>"; };
		57F79B7E1B6F155A00E29F49 /* ToDoListTableViewController.m */ = {isa = PBXFileReference; fileEncoding = 4; lastKnownFileType = sourcecode.c.objc; path = ToDoListTableViewController.m; sourceTree = "<group>"; };
		57F79B801B745E8300E29F49 /* ToDoItem.h */ = {isa = PBXFileReference; fileEncoding = 4; lastKnownFileType = sourcecode.c.h; path = ToDoItem.h; sourceTree = "<group>"; };
		57F79B811B745E8300E29F49 /* ToDoItem.m */ = {isa = PBXFileReference; fileEncoding = 4; lastKnownFileType = sourcecode.c.objc; path = ToDoItem.m; sourceTree = "<group>"; };
/* End PBXFileReference section */

/* Begin PBXFrameworksBuildPhase section */
		577ADFE81B6C6FE400ED97F0 /* Frameworks */ = {
			isa = PBXFrameworksBuildPhase;
			buildActionMask = 2147483647;
			files = (
			);
			runOnlyForDeploymentPostprocessing = 0;
		};
		577AE0011B6C6FE400ED97F0 /* Frameworks */ = {
			isa = PBXFrameworksBuildPhase;
			buildActionMask = 2147483647;
			files = (
			);
			runOnlyForDeploymentPostprocessing = 0;
		};
/* End PBXFrameworksBuildPhase section */

/* Begin PBXGroup section */
		577ADFE21B6C6FE400ED97F0 = {
			isa = PBXGroup;
			children = (
				57F79B7A1B6DD9B500E29F49 /* AddToDoItemViewController.h */,
				57F79B7B1B6DD9B500E29F49 /* AddToDoItemViewController.m */,
				577ADFED1B6C6FE400ED97F0 /* ToDoList */,
				577AE0071B6C6FE400ED97F0 /* ToDoListTests */,
				577ADFEC1B6C6FE400ED97F0 /* Products */,
			);
			sourceTree = "<group>";
		};
		577ADFEC1B6C6FE400ED97F0 /* Products */ = {
			isa = PBXGroup;
			children = (
				577ADFEB1B6C6FE400ED97F0 /* ToDoList.app */,
				577AE0041B6C6FE400ED97F0 /* ToDoListTests.xctest */,
			);
			name = Products;
			sourceTree = "<group>";
		};
		577ADFED1B6C6FE400ED97F0 /* ToDoList */ = {
			isa = PBXGroup;
			children = (
				577ADFF21B6C6FE400ED97F0 /* AppDelegate.h */,
				577ADFF31B6C6FE400ED97F0 /* AppDelegate.m */,
				577ADFF81B6C6FE400ED97F0 /* Main.storyboard */,
				57F79B7D1B6F155A00E29F49 /* ToDoListTableViewController.h */,
				57F79B7E1B6F155A00E29F49 /* ToDoListTableViewController.m */,
				57F79B801B745E8300E29F49 /* ToDoItem.h */,
				57F79B811B745E8300E29F49 /* ToDoItem.m */,
				577ADFFB1B6C6FE400ED97F0 /* Images.xcassets */,
				577ADFFD1B6C6FE400ED97F0 /* LaunchScreen.xib */,
				577ADFEE1B6C6FE400ED97F0 /* Supporting Files */,
			);
			path = ToDoList;
			sourceTree = "<group>";
		};
		577ADFEE1B6C6FE400ED97F0 /* Supporting Files */ = {
			isa = PBXGroup;
			children = (
				577ADFEF1B6C6FE400ED97F0 /* Info.plist */,
				577ADFF01B6C6FE400ED97F0 /* main.m */,
			);
			name = "Supporting Files";
			sourceTree = "<group>";
		};
		577AE0071B6C6FE400ED97F0 /* ToDoListTests */ = {
			isa = PBXGroup;
			children = (
				577AE00A1B6C6FE400ED97F0 /* ToDoListTests.m */,
				577AE0081B6C6FE400ED97F0 /* Supporting Files */,
			);
			path = ToDoListTests;
			sourceTree = "<group>";
		};
		577AE0081B6C6FE400ED97F0 /* Supporting Files */ = {
			isa = PBXGroup;
			children = (
				577AE0091B6C6FE400ED97F0 /* Info.plist */,
			);
			name = "Supporting Files";
			sourceTree = "<group>";
		};
/* End PBXGroup section */

/* Begin PBXNativeTarget section */
		577ADFEA1B6C6FE400ED97F0 /* ToDoList */ = {
			isa = PBXNativeTarget;
			buildConfigurationList = 577AE00E1B6C6FE400ED97F0 /* Build configuration list for PBXNativeTarget "ToDoList" */;
			buildPhases = (
				577ADFE71B6C6FE400ED97F0 /* Sources */,
				577ADFE81B6C6FE400ED97F0 /* Frameworks */,
				577ADFE91B6C6FE400ED97F0 /* Resources */,
			);
			buildRules = (
			);
			dependencies = (
			);
			name = ToDoList;
			productName = ToDoList;
			productReference = 577ADFEB1B6C6FE400ED97F0 /* ToDoList.app */;
			productType = "com.apple.product-type.application";
		};
		577AE0031B6C6FE400ED97F0 /* ToDoListTests */ = {
			isa = PBXNativeTarget;
			buildConfigurationList = 577AE0111B6C6FE400ED97F0 /* Build configuration list for PBXNativeTarget "ToDoListTests" */;
			buildPhases = (
				577AE0001B6C6FE400ED97F0 /* Sources */,
				577AE0011B6C6FE400ED97F0 /* Frameworks */,
				577AE0021B6C6FE400ED97F0 /* Resources */,
			);
			buildRules = (
			);
			dependencies = (
				577AE0061B6C6FE400ED97F0 /* PBXTargetDependency */,
			);
			name = ToDoListTests;
			productName = ToDoListTests;
			productReference = 577AE0041B6C6FE400ED97F0 /* ToDoListTests.xctest */;
			productType = "com.apple.product-type.bundle.unit-test";
		};
/* End PBXNativeTarget section */

/* Begin PBXProject section */
		577ADFE31B6C6FE400ED97F0 /* Project object */ = {
			isa = PBXProject;
			attributes = {
				LastUpgradeCheck = 0640;
				ORGANIZATIONNAME = "Benjamin Brunk";
				TargetAttributes = {
					577ADFEA1B6C6FE400ED97F0 = {
						CreatedOnToolsVersion = 6.4;
					};
					577AE0031B6C6FE400ED97F0 = {
						CreatedOnToolsVersion = 6.4;
						TestTargetID = 577ADFEA1B6C6FE400ED97F0;
					};
				};
			};
			buildConfigurationList = 577ADFE61B6C6FE400ED97F0 /* Build configuration list for PBXProject "ToDoList" */;
			compatibilityVersion = "Xcode 3.2";
			developmentRegion = English;
			hasScannedForEncodings = 0;
			knownRegions = (
				en,
				Base,
			);
			mainGroup = 577ADFE21B6C6FE400ED97F0;
			productRefGroup = 577ADFEC1B6C6FE400ED97F0 /* Products */;
			projectDirPath = "";
			projectRoot = "";
			targets = (
				577ADFEA1B6C6FE400ED97F0 /* ToDoList */,
				577AE0031B6C6FE400ED97F0 /* ToDoListTests */,
			);
		};
/* End PBXProject section */

/* Begin PBXResourcesBuildPhase section */
		577ADFE91B6C6FE400ED97F0 /* Resources */ = {
			isa = PBXResourcesBuildPhase;
			buildActionMask = 2147483647;
			files = (
				577ADFFA1B6C6FE400ED97F0 /* Main.storyboard in Resources */,
				577ADFFF1B6C6FE400ED97F0 /* LaunchScreen.xib in Resources */,
				577ADFFC1B6C6FE400ED97F0 /* Images.xcassets in Resources */,
			);
			runOnlyForDeploymentPostprocessing = 0;
		};
		577AE0021B6C6FE400ED97F0 /* Resources */ = {
			isa = PBXResourcesBuildPhase;
			buildActionMask = 2147483647;
			files = (
			);
			runOnlyForDeploymentPostprocessing = 0;
		};
/* End PBXResourcesBuildPhase section */

/* Begin PBXSourcesBuildPhase section */
		577ADFE71B6C6FE400ED97F0 /* Sources */ = {
			isa = PBXSourcesBuildPhase;
			buildActionMask = 2147483647;
			files = (
				577ADFF41B6C6FE400ED97F0 /* AppDelegate.m in Sources */,
				57F79B821B745E8300E29F49 /* ToDoItem.m in Sources */,
				57F79B7F1B6F155A00E29F49 /* ToDoListTableViewController.m in Sources */,
				577ADFF11B6C6FE400ED97F0 /* main.m in Sources */,
				57F79B7C1B6DD9B500E29F49 /* AddToDoItemViewController.m in Sources */,
			);
			runOnlyForDeploymentPostprocessing = 0;
		};
		577AE0001B6C6FE400ED97F0 /* Sources */ = {
			isa = PBXSourcesBuildPhase;
			buildActionMask = 2147483647;
			files = (
				577AE00B1B6C6FE400ED97F0 /* ToDoListTests.m in Sources */,
			);
			runOnlyForDeploymentPostprocessing = 0;
		};
/* End PBXSourcesBuildPhase section */

/* Begin PBXTargetDependency section */
		577AE0061B6C6FE400ED97F0 /* PBXTargetDependency */ = {
			isa = PBXTargetDependency;
			target = 577ADFEA1B6C6FE400ED97F0 /* ToDoList */;
			targetProxy = 577AE0051B6C6FE400ED97F0 /* PBXContainerItemProxy */;
		};
/* End PBXTargetDependency section */

/* Begin PBXVariantGroup section */
		577ADFF81B6C6FE400ED97F0 /* Main.storyboard */ = {
			isa = PBXVariantGroup;
			children = (
				577ADFF91B6C6FE400ED97F0 /* Base */,
			);
			name = Main.storyboard;
			sourceTree = "<group>";
		};
		577ADFFD1B6C6FE400ED97F0 /* LaunchScreen.xib */ = {
			isa = PBXVariantGroup;
			children = (
				577ADFFE1B6C6FE400ED97F0 /* Base */,
			);
			name = LaunchScreen.xib;
			sourceTree = "<group>";
		};
/* End PBXVariantGroup section */

/* Begin XCBuildConfiguration section */
		577AE00C1B6C6FE400ED97F0 /* Debug */ = {
			isa = XCBuildConfiguration;
			buildSettings = {
				ALWAYS_SEARCH_USER_PATHS = NO;
				CLANG_CXX_LANGUAGE_STANDARD = "gnu++0x";
				CLANG_CXX_LIBRARY = "libc++";
				CLANG_ENABLE_MODULES = YES;
				CLANG_ENABLE_OBJC_ARC = YES;
				CLANG_WARN_BOOL_CONVERSION = YES;
				CLANG_WARN_CONSTANT_CONVERSION = YES;
				CLANG_WARN_DIRECT_OBJC_ISA_USAGE = YES_ERROR;
				CLANG_WARN_EMPTY_BODY = YES;
				CLANG_WARN_ENUM_CONVERSION = YES;
				CLANG_WARN_INT_CONVERSION = YES;
				CLANG_WARN_OBJC_ROOT_CLASS = YES_ERROR;
				CLANG_WARN_UNREACHABLE_CODE = YES;
				CLANG_WARN__DUPLICATE_METHOD_MATCH = YES;
				"CODE_SIGN_IDENTITY[sdk=iphoneos*]" = "iPhone Developer";
				COPY_PHASE_STRIP = NO;
				DEBUG_INFORMATION_FORMAT = "dwarf-with-dsym";
				ENABLE_STRICT_OBJC_MSGSEND = YES;
				GCC_C_LANGUAGE_STANDARD = gnu99;
				GCC_DYNAMIC_NO_PIC = NO;
				GCC_NO_COMMON_BLOCKS = YES;
				GCC_OPTIMIZATION_LEVEL = 0;
				GCC_PREPROCESSOR_DEFINITIONS = (
					"DEBUG=1",
					"$(inherited)",
				);
				GCC_SYMBOLS_PRIVATE_EXTERN = NO;
				GCC_WARN_64_TO_32_BIT_CONVERSION = YES;
				GCC_WARN_ABOUT_RETURN_TYPE = YES_ERROR;
				GCC_WARN_UNDECLARED_SELECTOR = YES;
				GCC_WARN_UNINITIALIZED_AUTOS = YES_AGGRESSIVE;
				GCC_WARN_UNUSED_FUNCTION = YES;
				GCC_WARN_UNUSED_VARIABLE = YES;
				IPHONEOS_DEPLOYMENT_TARGET = 8.4;
				MTL_ENABLE_DEBUG_INFO = YES;
				ONLY_ACTIVE_ARCH = YES;
				SDKROOT = iphoneos;
				TARGETED_DEVICE_FAMILY = "1,2";
			};
			name = Debug;
		};
		577AE00D1B6C6FE400ED97F0 /* Release */ = {
			isa = XCBuildConfiguration;
			buildSettings = {
				ALWAYS_SEARCH_USER_PATHS = NO;
				CLANG_CXX_LANGUAGE_STANDARD = "gnu++0x";
				CLANG_CXX_LIBRARY = "libc++";
				CLANG_ENABLE_MODULES = YES;
				CLANG_ENABLE_OBJC_ARC = YES;
				CLANG_WARN_BOOL_CONVERSION = YES;
				CLANG_WARN_CONSTANT_CONVERSION = YES;
				CLANG_WARN_DIRECT_OBJC_ISA_USAGE = YES_ERROR;
				CLANG_WARN_EMPTY_BODY = YES;
				CLANG_WARN_ENUM_CONVERSION = YES;
				CLANG_WARN_INT_CONVERSION = YES;
				CLANG_WARN_OBJC_ROOT_CLASS = YES_ERROR;
				CLANG_WARN_UNREACHABLE_CODE = YES;
				CLANG_WARN__DUPLICATE_METHOD_MATCH = YES;
				"CODE_SIGN_IDENTITY[sdk=iphoneos*]" = "iPhone Developer";
				COPY_PHASE_STRIP = NO;
				DEBUG_INFORMATION_FORMAT = "dwarf-with-dsym";
				ENABLE_NS_ASSERTIONS = NO;
				ENABLE_STRICT_OBJC_MSGSEND = YES;
				GCC_C_LANGUAGE_STANDARD = gnu99;
				GCC_NO_COMMON_BLOCKS = YES;
				GCC_WARN_64_TO_32_BIT_CONVERSION = YES;
				GCC_WARN_ABOUT_RETURN_TYPE = YES_ERROR;
				GCC_WARN_UNDECLARED_SELECTOR = YES;
				GCC_WARN_UNINITIALIZED_AUTOS = YES_AGGRESSIVE;
				GCC_WARN_UNUSED_FUNCTION = YES;
				GCC_WARN_UNUSED_VARIABLE = YES;
				IPHONEOS_DEPLOYMENT_TARGET = 8.4;
				MTL_ENABLE_DEBUG_INFO = NO;
				SDKROOT = iphoneos;
				TARGETED_DEVICE_FAMILY = "1,2";
				VALIDATE_PRODUCT = YES;
			};
			name = Release;
		};
		577AE00F1B6C6FE400ED97F0 /* Debug */ = {
			isa = XCBuildConfiguration;
			buildSettings = {
				ASSETCATALOG_COMPILER_APPICON_NAME = AppIcon;
				INFOPLIST_FILE = ToDoList/Info.plist;
				LD_RUNPATH_SEARCH_PATHS = "$(inherited) @executable_path/Frameworks";
				PRODUCT_NAME = "$(TARGET_NAME)";
			};
			name = Debug;
		};
		577AE0101B6C6FE400ED97F0 /* Release */ = {
			isa = XCBuildConfiguration;
			buildSettings = {
				ASSETCATALOG_COMPILER_APPICON_NAME = AppIcon;
				INFOPLIST_FILE = ToDoList/Info.plist;
				LD_RUNPATH_SEARCH_PATHS = "$(inherited) @executable_path/Frameworks";
				PRODUCT_NAME = "$(TARGET_NAME)";
			};
			name = Release;
		};
		577AE0121B6C6FE400ED97F0 /* Debug */ = {
			isa = XCBuildConfiguration;
			buildSettings = {
				BUNDLE_LOADER = "$(TEST_HOST)";
				FRAMEWORK_SEARCH_PATHS = (
					"$(SDKROOT)/Developer/Library/Frameworks",
					"$(inherited)",
				);
				GCC_PREPROCESSOR_DEFINITIONS = (
					"DEBUG=1",
					"$(inherited)",
				);
				INFOPLIST_FILE = ToDoListTests/Info.plist;
				LD_RUNPATH_SEARCH_PATHS = "$(inherited) @executable_path/Frameworks @loader_path/Frameworks";
				PRODUCT_NAME = "$(TARGET_NAME)";
				TEST_HOST = "$(BUILT_PRODUCTS_DIR)/ToDoList.app/ToDoList";
			};
			name = Debug;
		};
		577AE0131B6C6FE400ED97F0 /* Release */ = {
			isa = XCBuildConfiguration;
			buildSettings = {
				BUNDLE_LOADER = "$(TEST_HOST)";
				FRAMEWORK_SEARCH_PATHS = (
					"$(SDKROOT)/Developer/Library/Frameworks",
					"$(inherited)",
				);
				INFOPLIST_FILE = ToDoListTests/Info.plist;
				LD_RUNPATH_SEARCH_PATHS = "$(inherited) @executable_path/Frameworks @loader_path/Frameworks";
				PRODUCT_NAME = "$(TARGET_NAME)";
				TEST_HOST = "$(BUILT_PRODUCTS_DIR)/ToDoList.app/ToDoList";
			};
			name = Release;
		};
/* End XCBuildConfiguration section */

/* Begin XCConfigurationList section */
		577ADFE61B6C6FE400ED97F0 /* Build configuration list for PBXProject "ToDoList" */ = {
			isa = XCConfigurationList;
			buildConfigurations = (
				577AE00C1B6C6FE400ED97F0 /* Debug */,
				577AE00D1B6C6FE400ED97F0 /* Release */,
			);
			defaultConfigurationIsVisible = 0;
			defaultConfigurationName = Release;
		};
		577AE00E1B6C6FE400ED97F0 /* Build configuration list for PBXNativeTarget "ToDoList" */ = {
			isa = XCConfigurationList;
			buildConfigurations = (
				577AE00F1B6C6FE400ED97F0 /* Debug */,
				577AE0101B6C6FE400ED97F0 /* Release */,
			);
			defaultConfigurationIsVisible = 0;
			defaultConfigurationName = Release;
		};
		577AE0111B6C6FE400ED97F0 /* Build configuration list for PBXNativeTarget "ToDoListTests" */ = {
			isa = XCConfigurationList;
			buildConfigurations = (
				577AE0121B6C6FE400ED97F0 /* Debug */,
				577AE0131B6C6FE400ED97F0 /* Release */,
			);
			defaultConfigurationIsVisible = 0;
			defaultConfigurationName = Release;
		};
/* End XCConfigurationList section */
	};
	rootObject = 577ADFE31B6C6FE400ED97F0 /* Project object */;
}
